// !$*UTF8*$!
{
	archiveVersion = 1;
	classes = {
	};
	objectVersion = 55;
	objects = {

/* Begin PBXBuildFile section */
		81332AF227C35E9E00564A6C /* KeychainWrapper.swift in Sources */ = {isa = PBXBuildFile; fileRef = 81332AF127C35E9E00564A6C /* KeychainWrapper.swift */; };
		813F156627A20F8700214CE0 /* ImageBackendController.swift in Sources */ = {isa = PBXBuildFile; fileRef = 813F156527A20F8700214CE0 /* ImageBackendController.swift */; };
		813F156927A2161D00214CE0 /* RecipeBackendController.swift in Sources */ = {isa = PBXBuildFile; fileRef = 813F156827A2161D00214CE0 /* RecipeBackendController.swift */; };
		8141EA2327A3707C008BE746 /* BackendController.swift in Sources */ = {isa = PBXBuildFile; fileRef = 8141EA2227A3707C008BE746 /* BackendController.swift */; };
		8141EA2527A3740E008BE746 /* CustomAsyncImage.swift in Sources */ = {isa = PBXBuildFile; fileRef = 8141EA2427A3740E008BE746 /* CustomAsyncImage.swift */; };
		814C8CF72797631E0056A7D2 /* CookBookApp.swift in Sources */ = {isa = PBXBuildFile; fileRef = 814C8CF62797631E0056A7D2 /* CookBookApp.swift */; };
		814C8CF92797631E0056A7D2 /* ContentView.swift in Sources */ = {isa = PBXBuildFile; fileRef = 814C8CF82797631E0056A7D2 /* ContentView.swift */; };
		814C8CFB2797631F0056A7D2 /* Assets.xcassets in Resources */ = {isa = PBXBuildFile; fileRef = 814C8CFA2797631F0056A7D2 /* Assets.xcassets */; };
		814C8CFE2797631F0056A7D2 /* Preview Assets.xcassets in Resources */ = {isa = PBXBuildFile; fileRef = 814C8CFD2797631F0056A7D2 /* Preview Assets.xcassets */; };
		814C8D082797631F0056A7D2 /* CookBookTests.swift in Sources */ = {isa = PBXBuildFile; fileRef = 814C8D072797631F0056A7D2 /* CookBookTests.swift */; };
		814C8D122797631F0056A7D2 /* CookBookUITests.swift in Sources */ = {isa = PBXBuildFile; fileRef = 814C8D112797631F0056A7D2 /* CookBookUITests.swift */; };
		814C8D142797631F0056A7D2 /* CookBookUITestsLaunchTests.swift in Sources */ = {isa = PBXBuildFile; fileRef = 814C8D132797631F0056A7D2 /* CookBookUITestsLaunchTests.swift */; };
		814C8D23279764CE0056A7D2 /* Recipe.swift in Sources */ = {isa = PBXBuildFile; fileRef = 814C8D22279764CE0056A7D2 /* Recipe.swift */; };
		814C8D25279766940056A7D2 /* RecipeDetail.swift in Sources */ = {isa = PBXBuildFile; fileRef = 814C8D24279766940056A7D2 /* RecipeDetail.swift */; };
		815B2E7027C1BF8800F1CA2D /* CustomList.swift in Sources */ = {isa = PBXBuildFile; fileRef = 815B2E6F27C1BF8800F1CA2D /* CustomList.swift */; };
		815E826F2798CA8800530BA2 /* Groceries.swift in Sources */ = {isa = PBXBuildFile; fileRef = 815E826E2798CA8800530BA2 /* Groceries.swift */; };
		815E82712798CAC800530BA2 /* RecipesMain.swift in Sources */ = {isa = PBXBuildFile; fileRef = 815E82702798CAC800530BA2 /* RecipesMain.swift */; };
		8172715927C6CBDE00C78801 /* EditRecipe.swift in Sources */ = {isa = PBXBuildFile; fileRef = 8172715827C6CBDE00C78801 /* EditRecipe.swift */; };
		8179715C27AA7F1B00DE1753 /* RecipeCard.swift in Sources */ = {isa = PBXBuildFile; fileRef = 8179715B27AA7F1B00DE1753 /* RecipeCard.swift */; };
		81862D9027AC6C13006C947F /* Theme.swift in Sources */ = {isa = PBXBuildFile; fileRef = 81862D8F27AC6C13006C947F /* Theme.swift */; };
		818D398127CAE092008F4A47 /* Color.swift in Sources */ = {isa = PBXBuildFile; fileRef = 818D398027CAE092008F4A47 /* Color.swift */; };
		818D398827CAE193008F4A47 /* CLLocationCoordinate2D.swift in Sources */ = {isa = PBXBuildFile; fileRef = 818D398727CAE193008F4A47 /* CLLocationCoordinate2D.swift */; };
		818D398B27CAE1E0008F4A47 /* MKCoordinateRegion.swift in Sources */ = {isa = PBXBuildFile; fileRef = 818D398A27CAE1E0008F4A47 /* MKCoordinateRegion.swift */; };
		818D398D27CAE21C008F4A47 /* View.swift in Sources */ = {isa = PBXBuildFile; fileRef = 818D398C27CAE21C008F4A47 /* View.swift */; };
		818D398F27CAE272008F4A47 /* Array.swift in Sources */ = {isa = PBXBuildFile; fileRef = 818D398E27CAE272008F4A47 /* Array.swift */; };
		818D399127CAE2C0008F4A47 /* String.swift in Sources */ = {isa = PBXBuildFile; fileRef = 818D399027CAE2C0008F4A47 /* String.swift */; };
		818D399327CAE2E3008F4A47 /* Character.swift in Sources */ = {isa = PBXBuildFile; fileRef = 818D399227CAE2E3008F4A47 /* Character.swift */; };
		818D399527CAE2EE008F4A47 /* Data.swift in Sources */ = {isa = PBXBuildFile; fileRef = 818D399427CAE2EE008F4A47 /* Data.swift */; };
		818D399727CAE32D008F4A47 /* UIImage.swift in Sources */ = {isa = PBXBuildFile; fileRef = 818D399627CAE32D008F4A47 /* UIImage.swift */; };
		818D399D27CAF8ED008F4A47 /* ImageLoader.swift in Sources */ = {isa = PBXBuildFile; fileRef = 818D399C27CAF8ED008F4A47 /* ImageLoader.swift */; };
		81933FEF27BF0E5E00E9BB10 /* UserBackendController.swift in Sources */ = {isa = PBXBuildFile; fileRef = 81933FEE27BF0E5E00E9BB10 /* UserBackendController.swift */; };
		819E4E0E27C22ECF004068A3 /* UserSignIn.swift in Sources */ = {isa = PBXBuildFile; fileRef = 819E4E0D27C22ECF004068A3 /* UserSignIn.swift */; };
		81B1BF87279F852200EC85BB /* PhotoPicker.swift in Sources */ = {isa = PBXBuildFile; fileRef = 81B1BF86279F852200EC85BB /* PhotoPicker.swift */; };
		81B1BF90279FA6CA00EC85BB /* CoordinatePicker.swift in Sources */ = {isa = PBXBuildFile; fileRef = 81B1BF8F279FA6CA00EC85BB /* CoordinatePicker.swift */; };
		81BAF3EC2798D408004B0767 /* Favorites.swift in Sources */ = {isa = PBXBuildFile; fileRef = 81BAF3EB2798D408004B0767 /* Favorites.swift */; };
		81BAF3EE2799FDBB004B0767 /* World.swift in Sources */ = {isa = PBXBuildFile; fileRef = 81BAF3ED2799FDBB004B0767 /* World.swift */; };
		81BAF3F2279A035B004B0767 /* MapKit.framework in Frameworks */ = {isa = PBXBuildFile; fileRef = 81BAF3F1279A035B004B0767 /* MapKit.framework */; };
		81BAF3F6279CB8DB004B0767 /* Profile.swift in Sources */ = {isa = PBXBuildFile; fileRef = 81BAF3F5279CB8DB004B0767 /* Profile.swift */; };
/* End PBXBuildFile section */

/* Begin PBXContainerItemProxy section */
		814C8D042797631F0056A7D2 /* PBXContainerItemProxy */ = {
			isa = PBXContainerItemProxy;
			containerPortal = 814C8CEB2797631D0056A7D2 /* Project object */;
			proxyType = 1;
			remoteGlobalIDString = 814C8CF22797631E0056A7D2;
			remoteInfo = CookBook;
		};
		814C8D0E2797631F0056A7D2 /* PBXContainerItemProxy */ = {
			isa = PBXContainerItemProxy;
			containerPortal = 814C8CEB2797631D0056A7D2 /* Project object */;
			proxyType = 1;
			remoteGlobalIDString = 814C8CF22797631E0056A7D2;
			remoteInfo = CookBook;
		};
/* End PBXContainerItemProxy section */

/* Begin PBXFileReference section */
		81332AF127C35E9E00564A6C /* KeychainWrapper.swift */ = {isa = PBXFileReference; lastKnownFileType = sourcecode.swift; path = KeychainWrapper.swift; sourceTree = "<group>"; };
		813F156527A20F8700214CE0 /* ImageBackendController.swift */ = {isa = PBXFileReference; lastKnownFileType = sourcecode.swift; path = ImageBackendController.swift; sourceTree = "<group>"; };
		813F156827A2161D00214CE0 /* RecipeBackendController.swift */ = {isa = PBXFileReference; lastKnownFileType = sourcecode.swift; path = RecipeBackendController.swift; sourceTree = "<group>"; };
		8141EA2227A3707C008BE746 /* BackendController.swift */ = {isa = PBXFileReference; lastKnownFileType = sourcecode.swift; path = BackendController.swift; sourceTree = "<group>"; };
		8141EA2427A3740E008BE746 /* CustomAsyncImage.swift */ = {isa = PBXFileReference; lastKnownFileType = sourcecode.swift; path = CustomAsyncImage.swift; sourceTree = "<group>"; };
		814C8CF32797631E0056A7D2 /* CookBook.app */ = {isa = PBXFileReference; explicitFileType = wrapper.application; includeInIndex = 0; path = CookBook.app; sourceTree = BUILT_PRODUCTS_DIR; };
		814C8CF62797631E0056A7D2 /* CookBookApp.swift */ = {isa = PBXFileReference; lastKnownFileType = sourcecode.swift; path = CookBookApp.swift; sourceTree = "<group>"; };
		814C8CF82797631E0056A7D2 /* ContentView.swift */ = {isa = PBXFileReference; lastKnownFileType = sourcecode.swift; path = ContentView.swift; sourceTree = "<group>"; };
		814C8CFA2797631F0056A7D2 /* Assets.xcassets */ = {isa = PBXFileReference; lastKnownFileType = folder.assetcatalog; path = Assets.xcassets; sourceTree = "<group>"; };
		814C8CFD2797631F0056A7D2 /* Preview Assets.xcassets */ = {isa = PBXFileReference; lastKnownFileType = folder.assetcatalog; path = "Preview Assets.xcassets"; sourceTree = "<group>"; };
		814C8D032797631F0056A7D2 /* CookBookTests.xctest */ = {isa = PBXFileReference; explicitFileType = wrapper.cfbundle; includeInIndex = 0; path = CookBookTests.xctest; sourceTree = BUILT_PRODUCTS_DIR; };
		814C8D072797631F0056A7D2 /* CookBookTests.swift */ = {isa = PBXFileReference; lastKnownFileType = sourcecode.swift; path = CookBookTests.swift; sourceTree = "<group>"; };
		814C8D0D2797631F0056A7D2 /* CookBookUITests.xctest */ = {isa = PBXFileReference; explicitFileType = wrapper.cfbundle; includeInIndex = 0; path = CookBookUITests.xctest; sourceTree = BUILT_PRODUCTS_DIR; };
		814C8D112797631F0056A7D2 /* CookBookUITests.swift */ = {isa = PBXFileReference; lastKnownFileType = sourcecode.swift; path = CookBookUITests.swift; sourceTree = "<group>"; };
		814C8D132797631F0056A7D2 /* CookBookUITestsLaunchTests.swift */ = {isa = PBXFileReference; lastKnownFileType = sourcecode.swift; path = CookBookUITestsLaunchTests.swift; sourceTree = "<group>"; };
		814C8D22279764CE0056A7D2 /* Recipe.swift */ = {isa = PBXFileReference; lastKnownFileType = sourcecode.swift; path = Recipe.swift; sourceTree = "<group>"; };
		814C8D24279766940056A7D2 /* RecipeDetail.swift */ = {isa = PBXFileReference; lastKnownFileType = sourcecode.swift; path = RecipeDetail.swift; sourceTree = "<group>"; };
		815B2E6F27C1BF8800F1CA2D /* CustomList.swift */ = {isa = PBXFileReference; lastKnownFileType = sourcecode.swift; path = CustomList.swift; sourceTree = "<group>"; };
		815E826E2798CA8800530BA2 /* Groceries.swift */ = {isa = PBXFileReference; lastKnownFileType = sourcecode.swift; path = Groceries.swift; sourceTree = "<group>"; };
		815E82702798CAC800530BA2 /* RecipesMain.swift */ = {isa = PBXFileReference; lastKnownFileType = sourcecode.swift; path = RecipesMain.swift; sourceTree = "<group>"; };
		8172715827C6CBDE00C78801 /* EditRecipe.swift */ = {isa = PBXFileReference; lastKnownFileType = sourcecode.swift; path = EditRecipe.swift; sourceTree = "<group>"; };
		8179715B27AA7F1B00DE1753 /* RecipeCard.swift */ = {isa = PBXFileReference; lastKnownFileType = sourcecode.swift; path = RecipeCard.swift; sourceTree = "<group>"; };
		81862D8F27AC6C13006C947F /* Theme.swift */ = {isa = PBXFileReference; lastKnownFileType = sourcecode.swift; path = Theme.swift; sourceTree = "<group>"; };
		818D398027CAE092008F4A47 /* Color.swift */ = {isa = PBXFileReference; lastKnownFileType = sourcecode.swift; path = Color.swift; sourceTree = "<group>"; };
		818D398727CAE193008F4A47 /* CLLocationCoordinate2D.swift */ = {isa = PBXFileReference; lastKnownFileType = sourcecode.swift; path = CLLocationCoordinate2D.swift; sourceTree = "<group>"; };
		818D398A27CAE1E0008F4A47 /* MKCoordinateRegion.swift */ = {isa = PBXFileReference; lastKnownFileType = sourcecode.swift; path = MKCoordinateRegion.swift; sourceTree = "<group>"; };
		818D398C27CAE21C008F4A47 /* View.swift */ = {isa = PBXFileReference; lastKnownFileType = sourcecode.swift; path = View.swift; sourceTree = "<group>"; };
		818D398E27CAE272008F4A47 /* Array.swift */ = {isa = PBXFileReference; lastKnownFileType = sourcecode.swift; path = Array.swift; sourceTree = "<group>"; };
		818D399027CAE2C0008F4A47 /* String.swift */ = {isa = PBXFileReference; lastKnownFileType = sourcecode.swift; path = String.swift; sourceTree = "<group>"; };
		818D399227CAE2E3008F4A47 /* Character.swift */ = {isa = PBXFileReference; lastKnownFileType = sourcecode.swift; path = Character.swift; sourceTree = "<group>"; };
		818D399427CAE2EE008F4A47 /* Data.swift */ = {isa = PBXFileReference; lastKnownFileType = sourcecode.swift; path = Data.swift; sourceTree = "<group>"; };
		818D399627CAE32D008F4A47 /* UIImage.swift */ = {isa = PBXFileReference; lastKnownFileType = sourcecode.swift; path = UIImage.swift; sourceTree = "<group>"; };
		818D399C27CAF8ED008F4A47 /* ImageLoader.swift */ = {isa = PBXFileReference; lastKnownFileType = sourcecode.swift; path = ImageLoader.swift; sourceTree = "<group>"; };
		81933FEE27BF0E5E00E9BB10 /* UserBackendController.swift */ = {isa = PBXFileReference; lastKnownFileType = sourcecode.swift; path = UserBackendController.swift; sourceTree = "<group>"; };
		819E4E0D27C22ECF004068A3 /* UserSignIn.swift */ = {isa = PBXFileReference; lastKnownFileType = sourcecode.swift; path = UserSignIn.swift; sourceTree = "<group>"; };
		81B1BF86279F852200EC85BB /* PhotoPicker.swift */ = {isa = PBXFileReference; lastKnownFileType = sourcecode.swift; path = PhotoPicker.swift; sourceTree = "<group>"; };
		81B1BF8F279FA6CA00EC85BB /* CoordinatePicker.swift */ = {isa = PBXFileReference; lastKnownFileType = sourcecode.swift; path = CoordinatePicker.swift; sourceTree = "<group>"; };
		81BAF3EB2798D408004B0767 /* Favorites.swift */ = {isa = PBXFileReference; lastKnownFileType = sourcecode.swift; path = Favorites.swift; sourceTree = "<group>"; };
		81BAF3ED2799FDBB004B0767 /* World.swift */ = {isa = PBXFileReference; lastKnownFileType = sourcecode.swift; path = World.swift; sourceTree = "<group>"; };
		81BAF3EF279A02D0004B0767 /* Info.plist */ = {isa = PBXFileReference; lastKnownFileType = text.plist; path = Info.plist; sourceTree = "<group>"; };
		81BAF3F1279A035B004B0767 /* MapKit.framework */ = {isa = PBXFileReference; lastKnownFileType = wrapper.framework; name = MapKit.framework; path = System/Library/Frameworks/MapKit.framework; sourceTree = SDKROOT; };
		81BAF3F5279CB8DB004B0767 /* Profile.swift */ = {isa = PBXFileReference; lastKnownFileType = sourcecode.swift; path = Profile.swift; sourceTree = "<group>"; };
/* End PBXFileReference section */

/* Begin PBXFrameworksBuildPhase section */
		814C8CF02797631E0056A7D2 /* Frameworks */ = {
			isa = PBXFrameworksBuildPhase;
			buildActionMask = 2147483647;
			files = (
				81BAF3F2279A035B004B0767 /* MapKit.framework in Frameworks */,
			);
			runOnlyForDeploymentPostprocessing = 0;
		};
		814C8D002797631F0056A7D2 /* Frameworks */ = {
			isa = PBXFrameworksBuildPhase;
			buildActionMask = 2147483647;
			files = (
			);
			runOnlyForDeploymentPostprocessing = 0;
		};
		814C8D0A2797631F0056A7D2 /* Frameworks */ = {
			isa = PBXFrameworksBuildPhase;
			buildActionMask = 2147483647;
			files = (
			);
			runOnlyForDeploymentPostprocessing = 0;
		};
/* End PBXFrameworksBuildPhase section */

/* Begin PBXGroup section */
		813F156727A20F9F00214CE0 /* Backend */ = {
			isa = PBXGroup;
			children = (
				813F156527A20F8700214CE0 /* ImageBackendController.swift */,
				813F156827A2161D00214CE0 /* RecipeBackendController.swift */,
				8141EA2227A3707C008BE746 /* BackendController.swift */,
				81933FEE27BF0E5E00E9BB10 /* UserBackendController.swift */,
			);
			path = Backend;
			sourceTree = "<group>";
		};
		814C8CEA2797631D0056A7D2 = {
			isa = PBXGroup;
			children = (
				814C8CF52797631E0056A7D2 /* CookBook */,
				814C8D062797631F0056A7D2 /* CookBookTests */,
				814C8D102797631F0056A7D2 /* CookBookUITests */,
				814C8CF42797631E0056A7D2 /* Products */,
				81BAF3F0279A035B004B0767 /* Frameworks */,
			);
			sourceTree = "<group>";
		};
		814C8CF42797631E0056A7D2 /* Products */ = {
			isa = PBXGroup;
			children = (
				814C8CF32797631E0056A7D2 /* CookBook.app */,
				814C8D032797631F0056A7D2 /* CookBookTests.xctest */,
				814C8D0D2797631F0056A7D2 /* CookBookUITests.xctest */,
			);
			name = Products;
			sourceTree = "<group>";
		};
		814C8CF52797631E0056A7D2 /* CookBook */ = {
			isa = PBXGroup;
			children = (
				81BAF3EF279A02D0004B0767 /* Info.plist */,
				814C8CF62797631E0056A7D2 /* CookBookApp.swift */,
				814C8CF82797631E0056A7D2 /* ContentView.swift */,
				813F156727A20F9F00214CE0 /* Backend */,
				818D397F27CADF4B008F4A47 /* Extensions */,
				814C8D21279764BE0056A7D2 /* Models */,
				818D399E27CAF9EE008F4A47 /* Utility */,
				814C8D20279764B50056A7D2 /* Views */,
				814C8CFA2797631F0056A7D2 /* Assets.xcassets */,
				814C8CFC2797631F0056A7D2 /* Preview Content */,
			);
			path = CookBook;
			sourceTree = "<group>";
		};
		814C8CFC2797631F0056A7D2 /* Preview Content */ = {
			isa = PBXGroup;
			children = (
				814C8CFD2797631F0056A7D2 /* Preview Assets.xcassets */,
			);
			path = "Preview Content";
			sourceTree = "<group>";
		};
		814C8D062797631F0056A7D2 /* CookBookTests */ = {
			isa = PBXGroup;
			children = (
				814C8D072797631F0056A7D2 /* CookBookTests.swift */,
			);
			path = CookBookTests;
			sourceTree = "<group>";
		};
		814C8D102797631F0056A7D2 /* CookBookUITests */ = {
			isa = PBXGroup;
			children = (
				814C8D112797631F0056A7D2 /* CookBookUITests.swift */,
				814C8D132797631F0056A7D2 /* CookBookUITestsLaunchTests.swift */,
			);
			path = CookBookUITests;
			sourceTree = "<group>";
		};
		814C8D20279764B50056A7D2 /* Views */ = {
			isa = PBXGroup;
			children = (
				818D399B27CAE38F008F4A47 /* Main */,
				81B1BF83279F84FB00EC85BB /* Utility */,
				814C8D24279766940056A7D2 /* RecipeDetail.swift */,
				8172715827C6CBDE00C78801 /* EditRecipe.swift */,
			);
			path = Views;
			sourceTree = "<group>";
		};
		814C8D21279764BE0056A7D2 /* Models */ = {
			isa = PBXGroup;
			children = (
				814C8D22279764CE0056A7D2 /* Recipe.swift */,
			);
			path = Models;
			sourceTree = "<group>";
		};
		818D397F27CADF4B008F4A47 /* Extensions */ = {
			isa = PBXGroup;
			children = (
				818D399A27CAE352008F4A47 /* SwiftUI */,
				818D399927CAE343008F4A47 /* Foundation */,
				818D399827CAE339008F4A47 /* UIKit */,
				818D398927CAE1D2008F4A47 /* MapKit */,
			);
			path = Extensions;
			sourceTree = "<group>";
		};
		818D398227CAE11A008F4A47 /* Profile */ = {
			isa = PBXGroup;
			children = (
				81BAF3F5279CB8DB004B0767 /* Profile.swift */,
			);
			path = Profile;
			sourceTree = "<group>";
		};
		818D398327CAE126008F4A47 /* Recipes */ = {
			isa = PBXGroup;
			children = (
				815E82702798CAC800530BA2 /* RecipesMain.swift */,
			);
			path = Recipes;
			sourceTree = "<group>";
		};
		818D398427CAE139008F4A47 /* Favorites */ = {
			isa = PBXGroup;
			children = (
				81BAF3EB2798D408004B0767 /* Favorites.swift */,
			);
			path = Favorites;
			sourceTree = "<group>";
		};
		818D398527CAE146008F4A47 /* Groceries */ = {
			isa = PBXGroup;
			children = (
				815E826E2798CA8800530BA2 /* Groceries.swift */,
			);
			path = Groceries;
			sourceTree = "<group>";
		};
		818D398627CAE151008F4A47 /* World */ = {
			isa = PBXGroup;
			children = (
				81BAF3ED2799FDBB004B0767 /* World.swift */,
			);
			path = World;
			sourceTree = "<group>";
		};
		818D398927CAE1D2008F4A47 /* MapKit */ = {
			isa = PBXGroup;
			children = (
				818D398727CAE193008F4A47 /* CLLocationCoordinate2D.swift */,
				818D398A27CAE1E0008F4A47 /* MKCoordinateRegion.swift */,
			);
			path = MapKit;
			sourceTree = "<group>";
		};
		818D399827CAE339008F4A47 /* UIKit */ = {
			isa = PBXGroup;
			children = (
				818D399627CAE32D008F4A47 /* UIImage.swift */,
			);
			path = UIKit;
			sourceTree = "<group>";
		};
		818D399927CAE343008F4A47 /* Foundation */ = {
			isa = PBXGroup;
			children = (
				818D398E27CAE272008F4A47 /* Array.swift */,
				818D399027CAE2C0008F4A47 /* String.swift */,
				818D399227CAE2E3008F4A47 /* Character.swift */,
				818D399427CAE2EE008F4A47 /* Data.swift */,
			);
			path = Foundation;
			sourceTree = "<group>";
		};
		818D399A27CAE352008F4A47 /* SwiftUI */ = {
			isa = PBXGroup;
			children = (
				818D398027CAE092008F4A47 /* Color.swift */,
				818D398C27CAE21C008F4A47 /* View.swift */,
			);
			path = SwiftUI;
			sourceTree = "<group>";
		};
		818D399B27CAE38F008F4A47 /* Main */ = {
			isa = PBXGroup;
			children = (
				818D398627CAE151008F4A47 /* World */,
				818D398527CAE146008F4A47 /* Groceries */,
				818D398427CAE139008F4A47 /* Favorites */,
				818D398327CAE126008F4A47 /* Recipes */,
				818D398227CAE11A008F4A47 /* Profile */,
			);
			path = Main;
			sourceTree = "<group>";
		};
		818D399E27CAF9EE008F4A47 /* Utility */ = {
			isa = PBXGroup;
			children = (
				81332AF127C35E9E00564A6C /* KeychainWrapper.swift */,
				81862D8F27AC6C13006C947F /* Theme.swift */,
				818D399C27CAF8ED008F4A47 /* ImageLoader.swift */,
			);
			path = Utility;
			sourceTree = "<group>";
		};
		81B1BF83279F84FB00EC85BB /* Utility */ = {
			isa = PBXGroup;
			children = (
				81B1BF86279F852200EC85BB /* PhotoPicker.swift */,
				81B1BF8F279FA6CA00EC85BB /* CoordinatePicker.swift */,
				8141EA2427A3740E008BE746 /* CustomAsyncImage.swift */,
				8179715B27AA7F1B00DE1753 /* RecipeCard.swift */,
				815B2E6F27C1BF8800F1CA2D /* CustomList.swift */,
				819E4E0D27C22ECF004068A3 /* UserSignIn.swift */,
			);
			path = Utility;
			sourceTree = "<group>";
		};
		81BAF3F0279A035B004B0767 /* Frameworks */ = {
			isa = PBXGroup;
			children = (
				81BAF3F1279A035B004B0767 /* MapKit.framework */,
			);
			name = Frameworks;
			sourceTree = "<group>";
		};
/* End PBXGroup section */

/* Begin PBXNativeTarget section */
		814C8CF22797631E0056A7D2 /* CookBook */ = {
			isa = PBXNativeTarget;
			buildConfigurationList = 814C8D172797631F0056A7D2 /* Build configuration list for PBXNativeTarget "CookBook" */;
			buildPhases = (
				814C8CEF2797631E0056A7D2 /* Sources */,
				814C8CF02797631E0056A7D2 /* Frameworks */,
				814C8CF12797631E0056A7D2 /* Resources */,
			);
			buildRules = (
			);
			dependencies = (
			);
			name = CookBook;
			productName = CookBook;
			productReference = 814C8CF32797631E0056A7D2 /* CookBook.app */;
			productType = "com.apple.product-type.application";
		};
		814C8D022797631F0056A7D2 /* CookBookTests */ = {
			isa = PBXNativeTarget;
			buildConfigurationList = 814C8D1A2797631F0056A7D2 /* Build configuration list for PBXNativeTarget "CookBookTests" */;
			buildPhases = (
				814C8CFF2797631F0056A7D2 /* Sources */,
				814C8D002797631F0056A7D2 /* Frameworks */,
				814C8D012797631F0056A7D2 /* Resources */,
			);
			buildRules = (
			);
			dependencies = (
				814C8D052797631F0056A7D2 /* PBXTargetDependency */,
			);
			name = CookBookTests;
			productName = CookBookTests;
			productReference = 814C8D032797631F0056A7D2 /* CookBookTests.xctest */;
			productType = "com.apple.product-type.bundle.unit-test";
		};
		814C8D0C2797631F0056A7D2 /* CookBookUITests */ = {
			isa = PBXNativeTarget;
			buildConfigurationList = 814C8D1D2797631F0056A7D2 /* Build configuration list for PBXNativeTarget "CookBookUITests" */;
			buildPhases = (
				814C8D092797631F0056A7D2 /* Sources */,
				814C8D0A2797631F0056A7D2 /* Frameworks */,
				814C8D0B2797631F0056A7D2 /* Resources */,
			);
			buildRules = (
			);
			dependencies = (
				814C8D0F2797631F0056A7D2 /* PBXTargetDependency */,
			);
			name = CookBookUITests;
			productName = CookBookUITests;
			productReference = 814C8D0D2797631F0056A7D2 /* CookBookUITests.xctest */;
			productType = "com.apple.product-type.bundle.ui-testing";
		};
/* End PBXNativeTarget section */

/* Begin PBXProject section */
		814C8CEB2797631D0056A7D2 /* Project object */ = {
			isa = PBXProject;
			attributes = {
				BuildIndependentTargetsInParallel = 1;
				LastSwiftUpdateCheck = 1310;
				LastUpgradeCheck = 1310;
				TargetAttributes = {
					814C8CF22797631E0056A7D2 = {
						CreatedOnToolsVersion = 13.1;
					};
					814C8D022797631F0056A7D2 = {
						CreatedOnToolsVersion = 13.1;
						TestTargetID = 814C8CF22797631E0056A7D2;
					};
					814C8D0C2797631F0056A7D2 = {
						CreatedOnToolsVersion = 13.1;
						TestTargetID = 814C8CF22797631E0056A7D2;
					};
				};
			};
			buildConfigurationList = 814C8CEE2797631D0056A7D2 /* Build configuration list for PBXProject "CookBook" */;
			compatibilityVersion = "Xcode 13.0";
			developmentRegion = en;
			hasScannedForEncodings = 0;
			knownRegions = (
				en,
				Base,
			);
			mainGroup = 814C8CEA2797631D0056A7D2;
			productRefGroup = 814C8CF42797631E0056A7D2 /* Products */;
			projectDirPath = "";
			projectRoot = "";
			targets = (
				814C8CF22797631E0056A7D2 /* CookBook */,
				814C8D022797631F0056A7D2 /* CookBookTests */,
				814C8D0C2797631F0056A7D2 /* CookBookUITests */,
			);
		};
/* End PBXProject section */

/* Begin PBXResourcesBuildPhase section */
		814C8CF12797631E0056A7D2 /* Resources */ = {
			isa = PBXResourcesBuildPhase;
			buildActionMask = 2147483647;
			files = (
				814C8CFE2797631F0056A7D2 /* Preview Assets.xcassets in Resources */,
				814C8CFB2797631F0056A7D2 /* Assets.xcassets in Resources */,
			);
			runOnlyForDeploymentPostprocessing = 0;
		};
		814C8D012797631F0056A7D2 /* Resources */ = {
			isa = PBXResourcesBuildPhase;
			buildActionMask = 2147483647;
			files = (
			);
			runOnlyForDeploymentPostprocessing = 0;
		};
		814C8D0B2797631F0056A7D2 /* Resources */ = {
			isa = PBXResourcesBuildPhase;
			buildActionMask = 2147483647;
			files = (
			);
			runOnlyForDeploymentPostprocessing = 0;
		};
/* End PBXResourcesBuildPhase section */

/* Begin PBXSourcesBuildPhase section */
		814C8CEF2797631E0056A7D2 /* Sources */ = {
			isa = PBXSourcesBuildPhase;
			buildActionMask = 2147483647;
			files = (
				818D398D27CAE21C008F4A47 /* View.swift in Sources */,
				818D399527CAE2EE008F4A47 /* Data.swift in Sources */,
				815E82712798CAC800530BA2 /* RecipesMain.swift in Sources */,
				8172715927C6CBDE00C78801 /* EditRecipe.swift in Sources */,
				819E4E0E27C22ECF004068A3 /* UserSignIn.swift in Sources */,
				813F156627A20F8700214CE0 /* ImageBackendController.swift in Sources */,
				818D399D27CAF8ED008F4A47 /* ImageLoader.swift in Sources */,
				81BAF3F6279CB8DB004B0767 /* Profile.swift in Sources */,
				818D398827CAE193008F4A47 /* CLLocationCoordinate2D.swift in Sources */,
				818D398127CAE092008F4A47 /* Color.swift in Sources */,
				8141EA2327A3707C008BE746 /* BackendController.swift in Sources */,
				818D398F27CAE272008F4A47 /* Array.swift in Sources */,
				814C8D25279766940056A7D2 /* RecipeDetail.swift in Sources */,
				814C8D23279764CE0056A7D2 /* Recipe.swift in Sources */,
				818D399727CAE32D008F4A47 /* UIImage.swift in Sources */,
				814C8CF92797631E0056A7D2 /* ContentView.swift in Sources */,
				815B2E7027C1BF8800F1CA2D /* CustomList.swift in Sources */,
				81BAF3EC2798D408004B0767 /* Favorites.swift in Sources */,
				814C8CF72797631E0056A7D2 /* CookBookApp.swift in Sources */,
				813F156927A2161D00214CE0 /* RecipeBackendController.swift in Sources */,
				8179715C27AA7F1B00DE1753 /* RecipeCard.swift in Sources */,
				818D399127CAE2C0008F4A47 /* String.swift in Sources */,
				81BAF3EE2799FDBB004B0767 /* World.swift in Sources */,
				81B1BF87279F852200EC85BB /* PhotoPicker.swift in Sources */,
				818D399327CAE2E3008F4A47 /* Character.swift in Sources */,
				81B1BF90279FA6CA00EC85BB /* CoordinatePicker.swift in Sources */,
				81862D9027AC6C13006C947F /* Theme.swift in Sources */,
				81332AF227C35E9E00564A6C /* KeychainWrapper.swift in Sources */,
				815E826F2798CA8800530BA2 /* Groceries.swift in Sources */,
				818D398B27CAE1E0008F4A47 /* MKCoordinateRegion.swift in Sources */,
				8141EA2527A3740E008BE746 /* CustomAsyncImage.swift in Sources */,
				81933FEF27BF0E5E00E9BB10 /* UserBackendController.swift in Sources */,
			);
			runOnlyForDeploymentPostprocessing = 0;
		};
		814C8CFF2797631F0056A7D2 /* Sources */ = {
			isa = PBXSourcesBuildPhase;
			buildActionMask = 2147483647;
			files = (
				814C8D082797631F0056A7D2 /* CookBookTests.swift in Sources */,
			);
			runOnlyForDeploymentPostprocessing = 0;
		};
		814C8D092797631F0056A7D2 /* Sources */ = {
			isa = PBXSourcesBuildPhase;
			buildActionMask = 2147483647;
			files = (
				814C8D142797631F0056A7D2 /* CookBookUITestsLaunchTests.swift in Sources */,
				814C8D122797631F0056A7D2 /* CookBookUITests.swift in Sources */,
			);
			runOnlyForDeploymentPostprocessing = 0;
		};
/* End PBXSourcesBuildPhase section */

/* Begin PBXTargetDependency section */
		814C8D052797631F0056A7D2 /* PBXTargetDependency */ = {
			isa = PBXTargetDependency;
			target = 814C8CF22797631E0056A7D2 /* CookBook */;
			targetProxy = 814C8D042797631F0056A7D2 /* PBXContainerItemProxy */;
		};
		814C8D0F2797631F0056A7D2 /* PBXTargetDependency */ = {
			isa = PBXTargetDependency;
			target = 814C8CF22797631E0056A7D2 /* CookBook */;
			targetProxy = 814C8D0E2797631F0056A7D2 /* PBXContainerItemProxy */;
		};
/* End PBXTargetDependency section */

/* Begin XCBuildConfiguration section */
		814C8D152797631F0056A7D2 /* Debug */ = {
			isa = XCBuildConfiguration;
			buildSettings = {
				ALWAYS_SEARCH_USER_PATHS = NO;
				CLANG_ANALYZER_NONNULL = YES;
				CLANG_ANALYZER_NUMBER_OBJECT_CONVERSION = YES_AGGRESSIVE;
				CLANG_CXX_LANGUAGE_STANDARD = "gnu++17";
				CLANG_CXX_LIBRARY = "libc++";
				CLANG_ENABLE_MODULES = YES;
				CLANG_ENABLE_OBJC_ARC = YES;
				CLANG_ENABLE_OBJC_WEAK = YES;
				CLANG_WARN_BLOCK_CAPTURE_AUTORELEASING = YES;
				CLANG_WARN_BOOL_CONVERSION = YES;
				CLANG_WARN_COMMA = YES;
				CLANG_WARN_CONSTANT_CONVERSION = YES;
				CLANG_WARN_DEPRECATED_OBJC_IMPLEMENTATIONS = YES;
				CLANG_WARN_DIRECT_OBJC_ISA_USAGE = YES_ERROR;
				CLANG_WARN_DOCUMENTATION_COMMENTS = YES;
				CLANG_WARN_EMPTY_BODY = YES;
				CLANG_WARN_ENUM_CONVERSION = YES;
				CLANG_WARN_INFINITE_RECURSION = YES;
				CLANG_WARN_INT_CONVERSION = YES;
				CLANG_WARN_NON_LITERAL_NULL_CONVERSION = YES;
				CLANG_WARN_OBJC_IMPLICIT_RETAIN_SELF = YES;
				CLANG_WARN_OBJC_LITERAL_CONVERSION = YES;
				CLANG_WARN_OBJC_ROOT_CLASS = YES_ERROR;
				CLANG_WARN_QUOTED_INCLUDE_IN_FRAMEWORK_HEADER = YES;
				CLANG_WARN_RANGE_LOOP_ANALYSIS = YES;
				CLANG_WARN_STRICT_PROTOTYPES = YES;
				CLANG_WARN_SUSPICIOUS_MOVE = YES;
				CLANG_WARN_UNGUARDED_AVAILABILITY = YES_AGGRESSIVE;
				CLANG_WARN_UNREACHABLE_CODE = YES;
				CLANG_WARN__DUPLICATE_METHOD_MATCH = YES;
				COPY_PHASE_STRIP = NO;
				DEBUG_INFORMATION_FORMAT = dwarf;
				ENABLE_STRICT_OBJC_MSGSEND = YES;
				ENABLE_TESTABILITY = YES;
				GCC_C_LANGUAGE_STANDARD = gnu11;
				GCC_DYNAMIC_NO_PIC = NO;
				GCC_NO_COMMON_BLOCKS = YES;
				GCC_OPTIMIZATION_LEVEL = 0;
				GCC_PREPROCESSOR_DEFINITIONS = (
					"DEBUG=1",
					"$(inherited)",
				);
				GCC_WARN_64_TO_32_BIT_CONVERSION = YES;
				GCC_WARN_ABOUT_RETURN_TYPE = YES_ERROR;
				GCC_WARN_UNDECLARED_SELECTOR = YES;
				GCC_WARN_UNINITIALIZED_AUTOS = YES_AGGRESSIVE;
				GCC_WARN_UNUSED_FUNCTION = YES;
				GCC_WARN_UNUSED_VARIABLE = YES;
				IPHONEOS_DEPLOYMENT_TARGET = 15.0;
				MTL_ENABLE_DEBUG_INFO = INCLUDE_SOURCE;
				MTL_FAST_MATH = YES;
				ONLY_ACTIVE_ARCH = YES;
				SDKROOT = iphoneos;
				SWIFT_ACTIVE_COMPILATION_CONDITIONS = DEBUG;
				SWIFT_OPTIMIZATION_LEVEL = "-Onone";
			};
			name = Debug;
		};
		814C8D162797631F0056A7D2 /* Release */ = {
			isa = XCBuildConfiguration;
			buildSettings = {
				ALWAYS_SEARCH_USER_PATHS = NO;
				CLANG_ANALYZER_NONNULL = YES;
				CLANG_ANALYZER_NUMBER_OBJECT_CONVERSION = YES_AGGRESSIVE;
				CLANG_CXX_LANGUAGE_STANDARD = "gnu++17";
				CLANG_CXX_LIBRARY = "libc++";
				CLANG_ENABLE_MODULES = YES;
				CLANG_ENABLE_OBJC_ARC = YES;
				CLANG_ENABLE_OBJC_WEAK = YES;
				CLANG_WARN_BLOCK_CAPTURE_AUTORELEASING = YES;
				CLANG_WARN_BOOL_CONVERSION = YES;
				CLANG_WARN_COMMA = YES;
				CLANG_WARN_CONSTANT_CONVERSION = YES;
				CLANG_WARN_DEPRECATED_OBJC_IMPLEMENTATIONS = YES;
				CLANG_WARN_DIRECT_OBJC_ISA_USAGE = YES_ERROR;
				CLANG_WARN_DOCUMENTATION_COMMENTS = YES;
				CLANG_WARN_EMPTY_BODY = YES;
				CLANG_WARN_ENUM_CONVERSION = YES;
				CLANG_WARN_INFINITE_RECURSION = YES;
				CLANG_WARN_INT_CONVERSION = YES;
				CLANG_WARN_NON_LITERAL_NULL_CONVERSION = YES;
				CLANG_WARN_OBJC_IMPLICIT_RETAIN_SELF = YES;
				CLANG_WARN_OBJC_LITERAL_CONVERSION = YES;
				CLANG_WARN_OBJC_ROOT_CLASS = YES_ERROR;
				CLANG_WARN_QUOTED_INCLUDE_IN_FRAMEWORK_HEADER = YES;
				CLANG_WARN_RANGE_LOOP_ANALYSIS = YES;
				CLANG_WARN_STRICT_PROTOTYPES = YES;
				CLANG_WARN_SUSPICIOUS_MOVE = YES;
				CLANG_WARN_UNGUARDED_AVAILABILITY = YES_AGGRESSIVE;
				CLANG_WARN_UNREACHABLE_CODE = YES;
				CLANG_WARN__DUPLICATE_METHOD_MATCH = YES;
				COPY_PHASE_STRIP = NO;
				DEBUG_INFORMATION_FORMAT = "dwarf-with-dsym";
				ENABLE_NS_ASSERTIONS = NO;
				ENABLE_STRICT_OBJC_MSGSEND = YES;
				GCC_C_LANGUAGE_STANDARD = gnu11;
				GCC_NO_COMMON_BLOCKS = YES;
				GCC_WARN_64_TO_32_BIT_CONVERSION = YES;
				GCC_WARN_ABOUT_RETURN_TYPE = YES_ERROR;
				GCC_WARN_UNDECLARED_SELECTOR = YES;
				GCC_WARN_UNINITIALIZED_AUTOS = YES_AGGRESSIVE;
				GCC_WARN_UNUSED_FUNCTION = YES;
				GCC_WARN_UNUSED_VARIABLE = YES;
				IPHONEOS_DEPLOYMENT_TARGET = 15.0;
				MTL_ENABLE_DEBUG_INFO = NO;
				MTL_FAST_MATH = YES;
				SDKROOT = iphoneos;
				SWIFT_COMPILATION_MODE = wholemodule;
				SWIFT_OPTIMIZATION_LEVEL = "-O";
				VALIDATE_PRODUCT = YES;
			};
			name = Release;
		};
		814C8D182797631F0056A7D2 /* Debug */ = {
			isa = XCBuildConfiguration;
			buildSettings = {
				ASSETCATALOG_COMPILER_APPICON_NAME = AppIcon;
				ASSETCATALOG_COMPILER_GLOBAL_ACCENT_COLOR_NAME = AccentColor;
				CODE_SIGN_IDENTITY = "Apple Development";
				CODE_SIGN_STYLE = Automatic;
				CURRENT_PROJECT_VERSION = 1;
				DEVELOPMENT_ASSET_PATHS = "\"CookBook/Preview Content\"";
				DEVELOPMENT_TEAM = WPQ22XTUSF;
				ENABLE_PREVIEWS = YES;
				GCC_PRECOMPILE_PREFIX_HEADER = NO;
				GENERATE_INFOPLIST_FILE = YES;
				INFOPLIST_FILE = CookBook/Info.plist;
				INFOPLIST_KEY_UIApplicationSceneManifest_Generation = YES;
				INFOPLIST_KEY_UIApplicationSupportsIndirectInputEvents = YES;
				INFOPLIST_KEY_UILaunchScreen_Generation = YES;
				INFOPLIST_KEY_UISupportedInterfaceOrientations = UIInterfaceOrientationPortrait;
				INFOPLIST_KEY_UISupportedInterfaceOrientations_iPad = "UIInterfaceOrientationPortrait UIInterfaceOrientationPortraitUpsideDown UIInterfaceOrientationLandscapeLeft UIInterfaceOrientationLandscapeRight";
				INFOPLIST_KEY_UISupportedInterfaceOrientations_iPhone = "UIInterfaceOrientationPortrait UIInterfaceOrientationLandscapeLeft UIInterfaceOrientationLandscapeRight";
				LD_RUNPATH_SEARCH_PATHS = (
					"$(inherited)",
					"@executable_path/Frameworks",
				);
				MARKETING_VERSION = 1.0;
				PRODUCT_BUNDLE_IDENTIFIER = "AD-Ventures.CookBook";
				PRODUCT_NAME = "$(TARGET_NAME)";
				PROVISIONING_PROFILE_SPECIFIER = "";
				SWIFT_EMIT_LOC_STRINGS = YES;
				SWIFT_VERSION = 5.0;
				TARGETED_DEVICE_FAMILY = "1,2";
			};
			name = Debug;
		};
		814C8D192797631F0056A7D2 /* Release */ = {
			isa = XCBuildConfiguration;
			buildSettings = {
				ASSETCATALOG_COMPILER_APPICON_NAME = AppIcon;
				ASSETCATALOG_COMPILER_GLOBAL_ACCENT_COLOR_NAME = AccentColor;
				CODE_SIGN_IDENTITY = "Apple Development";
				CODE_SIGN_STYLE = Automatic;
				CURRENT_PROJECT_VERSION = 1;
				DEVELOPMENT_ASSET_PATHS = "\"CookBook/Preview Content\"";
				DEVELOPMENT_TEAM = WPQ22XTUSF;
				ENABLE_PREVIEWS = YES;
				GCC_PRECOMPILE_PREFIX_HEADER = NO;
				GENERATE_INFOPLIST_FILE = YES;
				INFOPLIST_FILE = CookBook/Info.plist;
				INFOPLIST_KEY_UIApplicationSceneManifest_Generation = YES;
				INFOPLIST_KEY_UIApplicationSupportsIndirectInputEvents = YES;
				INFOPLIST_KEY_UILaunchScreen_Generation = YES;
				INFOPLIST_KEY_UISupportedInterfaceOrientations = UIInterfaceOrientationPortrait;
				INFOPLIST_KEY_UISupportedInterfaceOrientations_iPad = "UIInterfaceOrientationPortrait UIInterfaceOrientationPortraitUpsideDown UIInterfaceOrientationLandscapeLeft UIInterfaceOrientationLandscapeRight";
				INFOPLIST_KEY_UISupportedInterfaceOrientations_iPhone = "UIInterfaceOrientationPortrait UIInterfaceOrientationLandscapeLeft UIInterfaceOrientationLandscapeRight";
				LD_RUNPATH_SEARCH_PATHS = (
					"$(inherited)",
					"@executable_path/Frameworks",
				);
				MARKETING_VERSION = 1.0;
				PRODUCT_BUNDLE_IDENTIFIER = "AD-Ventures.CookBook";
				PRODUCT_NAME = "$(TARGET_NAME)";
				PROVISIONING_PROFILE_SPECIFIER = "";
				SWIFT_EMIT_LOC_STRINGS = YES;
				SWIFT_VERSION = 5.0;
				TARGETED_DEVICE_FAMILY = "1,2";
			};
			name = Release;
		};
		814C8D1B2797631F0056A7D2 /* Debug */ = {
			isa = XCBuildConfiguration;
			buildSettings = {
				ALWAYS_EMBED_SWIFT_STANDARD_LIBRARIES = YES;
				BUNDLE_LOADER = "$(TEST_HOST)";
				CODE_SIGN_STYLE = Automatic;
				CURRENT_PROJECT_VERSION = 1;
				GENERATE_INFOPLIST_FILE = YES;
				IPHONEOS_DEPLOYMENT_TARGET = 15.0;
				LD_RUNPATH_SEARCH_PATHS = (
					"$(inherited)",
					"@executable_path/Frameworks",
					"@loader_path/Frameworks",
				);
				MARKETING_VERSION = 1.0;
				PRECOMPS_INCLUDE_HEADERS_FROM_BUILT_PRODUCTS_DIR = YES;
				PRODUCT_BUNDLE_IDENTIFIER = "AD-Ventures.CookBookTests";
				PRODUCT_NAME = "$(TARGET_NAME)";
				SWIFT_EMIT_LOC_STRINGS = NO;
				SWIFT_VERSION = 5.0;
				TARGETED_DEVICE_FAMILY = "1,2";
				TEST_HOST = "$(BUILT_PRODUCTS_DIR)/CookBook.app/CookBook";
			};
			name = Debug;
		};
		814C8D1C2797631F0056A7D2 /* Release */ = {
			isa = XCBuildConfiguration;
			buildSettings = {
				ALWAYS_EMBED_SWIFT_STANDARD_LIBRARIES = YES;
				BUNDLE_LOADER = "$(TEST_HOST)";
				CODE_SIGN_STYLE = Automatic;
				CURRENT_PROJECT_VERSION = 1;
				GENERATE_INFOPLIST_FILE = YES;
				IPHONEOS_DEPLOYMENT_TARGET = 15.0;
				LD_RUNPATH_SEARCH_PATHS = (
					"$(inherited)",
					"@executable_path/Frameworks",
					"@loader_path/Frameworks",
				);
				MARKETING_VERSION = 1.0;
				PRECOMPS_INCLUDE_HEADERS_FROM_BUILT_PRODUCTS_DIR = YES;
				PRODUCT_BUNDLE_IDENTIFIER = "AD-Ventures.CookBookTests";
				PRODUCT_NAME = "$(TARGET_NAME)";
				SWIFT_EMIT_LOC_STRINGS = NO;
				SWIFT_VERSION = 5.0;
				TARGETED_DEVICE_FAMILY = "1,2";
				TEST_HOST = "$(BUILT_PRODUCTS_DIR)/CookBook.app/CookBook";
			};
			name = Release;
		};
		814C8D1E2797631F0056A7D2 /* Debug */ = {
			isa = XCBuildConfiguration;
			buildSettings = {
				ALWAYS_EMBED_SWIFT_STANDARD_LIBRARIES = YES;
				CODE_SIGN_STYLE = Automatic;
				CURRENT_PROJECT_VERSION = 1;
				GENERATE_INFOPLIST_FILE = YES;
				LD_RUNPATH_SEARCH_PATHS = (
					"$(inherited)",
					"@executable_path/Frameworks",
					"@loader_path/Frameworks",
				);
				MARKETING_VERSION = 1.0;
				PRODUCT_BUNDLE_IDENTIFIER = "AD-Ventures.CookBookUITests";
				PRODUCT_NAME = "$(TARGET_NAME)";
				SWIFT_EMIT_LOC_STRINGS = NO;
				SWIFT_VERSION = 5.0;
				TARGETED_DEVICE_FAMILY = "1,2";
				TEST_TARGET_NAME = CookBook;
			};
			name = Debug;
		};
		814C8D1F2797631F0056A7D2 /* Release */ = {
			isa = XCBuildConfiguration;
			buildSettings = {
				ALWAYS_EMBED_SWIFT_STANDARD_LIBRARIES = YES;
				CODE_SIGN_STYLE = Automatic;
				CURRENT_PROJECT_VERSION = 1;
				GENERATE_INFOPLIST_FILE = YES;
				LD_RUNPATH_SEARCH_PATHS = (
					"$(inherited)",
					"@executable_path/Frameworks",
					"@loader_path/Frameworks",
				);
				MARKETING_VERSION = 1.0;
				PRODUCT_BUNDLE_IDENTIFIER = "AD-Ventures.CookBookUITests";
				PRODUCT_NAME = "$(TARGET_NAME)";
				SWIFT_EMIT_LOC_STRINGS = NO;
				SWIFT_VERSION = 5.0;
				TARGETED_DEVICE_FAMILY = "1,2";
				TEST_TARGET_NAME = CookBook;
			};
			name = Release;
		};
/* End XCBuildConfiguration section */

/* Begin XCConfigurationList section */
		814C8CEE2797631D0056A7D2 /* Build configuration list for PBXProject "CookBook" */ = {
			isa = XCConfigurationList;
			buildConfigurations = (
				814C8D152797631F0056A7D2 /* Debug */,
				814C8D162797631F0056A7D2 /* Release */,
			);
			defaultConfigurationIsVisible = 0;
			defaultConfigurationName = Release;
		};
		814C8D172797631F0056A7D2 /* Build configuration list for PBXNativeTarget "CookBook" */ = {
			isa = XCConfigurationList;
			buildConfigurations = (
				814C8D182797631F0056A7D2 /* Debug */,
				814C8D192797631F0056A7D2 /* Release */,
			);
			defaultConfigurationIsVisible = 0;
			defaultConfigurationName = Release;
		};
		814C8D1A2797631F0056A7D2 /* Build configuration list for PBXNativeTarget "CookBookTests" */ = {
			isa = XCConfigurationList;
			buildConfigurations = (
				814C8D1B2797631F0056A7D2 /* Debug */,
				814C8D1C2797631F0056A7D2 /* Release */,
			);
			defaultConfigurationIsVisible = 0;
			defaultConfigurationName = Release;
		};
		814C8D1D2797631F0056A7D2 /* Build configuration list for PBXNativeTarget "CookBookUITests" */ = {
			isa = XCConfigurationList;
			buildConfigurations = (
				814C8D1E2797631F0056A7D2 /* Debug */,
				814C8D1F2797631F0056A7D2 /* Release */,
			);
			defaultConfigurationIsVisible = 0;
			defaultConfigurationName = Release;
		};
/* End XCConfigurationList section */
	};
	rootObject = 814C8CEB2797631D0056A7D2 /* Project object */;
}
